
Microsoft Visual Studio Solution File, Format Version 12.00
# Visual Studio Version 17
VisualStudioVersion = 17.8.34330.188
MinimumVisualStudioVersion = 10.0.40219.1
Project("{FAE04EC0-301F-11D3-BF4B-00C04F79EFBC}") = "WebApplication1", "WebApplication1\WebApplication1.csproj", "{2F0CE0B7-C8DB-4F45-BED0-202967B037EC}"
EndProject
Global
	GlobalSection(SolutionConfigurationPlatforms) = preSolution
		Debug|Any CPU = Debug|Any CPU
		Release|Any CPU = Release|Any CPU
	EndGlobalSection
	GlobalSection(ProjectConfigurationPlatforms) = postSolution
		{2F0CE0B7-C8DB-4F45-BED0-202967B037EC}.Debug|Any CPU.ActiveCfg = Debug|Any CPU
		{2F0CE0B7-C8DB-4F45-BED0-202967B037EC}.Debug|Any CPU.Build.0 = Debug|Any CPU
		{2F0CE0B7-C8DB-4F45-BED0-202967B037EC}.Release|Any CPU.ActiveCfg = Release|Any CPU
		{2F0CE0B7-C8DB-4F45-BED0-202967B037EC}.Release|Any CPU.Build.0 = Release|Any CPU
	EndGlobalSection
	GlobalSection(SolutionProperties) = preSolution
		HideSolutionNode = FALSE
	EndGlobalSection
	GlobalSection(ExtensibilityGlobals) = postSolution
		SolutionGuid = {DC6468A4-C80C-46FC-ABB8-46FDBDE0FF16}
	EndGlobalSection
EndGlobal
